
Microsoft Visual Studio Solution File, Format Version 12.00
# Visual Studio Version 16
VisualStudioVersion = 16.0.29521.150
MinimumVisualStudioVersion = 10.0.40219.1
Project("{FAE04EC0-301F-11D3-BF4B-00C04F79EFBC}") = "AspNetEntityFrameworkApi", "AspNetEntityFrameworkApi\AspNetEntityFrameworkApi.csproj", "{6C6316CE-749F-4201-8E0D-4C0AA1136CEA}"
EndProject
Global
	GlobalSection(SolutionConfigurationPlatforms) = preSolution
		Debug|Any CPU = Debug|Any CPU
		Release|Any CPU = Release|Any CPU
	EndGlobalSection
	GlobalSection(ProjectConfigurationPlatforms) = postSolution
		{6C6316CE-749F-4201-8E0D-4C0AA1136CEA}.Debug|Any CPU.ActiveCfg = Debug|Any CPU
		{6C6316CE-749F-4201-8E0D-4C0AA1136CEA}.Debug|Any CPU.Build.0 = Debug|Any CPU
		{6C6316CE-749F-4201-8E0D-4C0AA1136CEA}.Release|Any CPU.ActiveCfg = Release|Any CPU
		{6C6316CE-749F-4201-8E0D-4C0AA1136CEA}.Release|Any CPU.Build.0 = Release|Any CPU
	EndGlobalSection
	GlobalSection(SolutionProperties) = preSolution
		HideSolutionNode = FALSE
	EndGlobalSection
	GlobalSection(ExtensibilityGlobals) = postSolution
		SolutionGuid = {712D0AC5-E0D7-41B7-9050-D8CD06F92DF7}
	EndGlobalSection
EndGlobal
